
Microsoft Visual Studio Solution File, Format Version 12.00
# Visual Studio Version 16
VisualStudioVersion = 16.0.28729.10
MinimumVisualStudioVersion = 10.0.40219.1
Project("{FAE04EC0-301F-11D3-BF4B-00C04F79EFBC}") = "HRManagment", "HRManagment\HRManagment.csproj", "{F4924B07-3F60-418A-9E12-686E54A7DBC3}"
EndProject
Project("{FAE04EC0-301F-11D3-BF4B-00C04F79EFBC}") = "Entities", "Entities\Entities.csproj", "{5011F965-01F6-498F-B440-9B4F2B8C72C9}"
EndProject
Project("{FAE04EC0-301F-11D3-BF4B-00C04F79EFBC}") = "Lib", "Lib\Lib.csproj", "{F8B72B24-A286-4989-848C-6127ECAF2528}"
EndProject
Global
	GlobalSection(SolutionConfigurationPlatforms) = preSolution
		Debug|Any CPU = Debug|Any CPU
		Release|Any CPU = Release|Any CPU
	EndGlobalSection
	GlobalSection(ProjectConfigurationPlatforms) = postSolution
		{F4924B07-3F60-418A-9E12-686E54A7DBC3}.Debug|Any CPU.ActiveCfg = Debug|Any CPU
		{F4924B07-3F60-418A-9E12-686E54A7DBC3}.Debug|Any CPU.Build.0 = Debug|Any CPU
		{F4924B07-3F60-418A-9E12-686E54A7DBC3}.Release|Any CPU.ActiveCfg = Release|Any CPU
		{F4924B07-3F60-418A-9E12-686E54A7DBC3}.Release|Any CPU.Build.0 = Release|Any CPU
		{5011F965-01F6-498F-B440-9B4F2B8C72C9}.Debug|Any CPU.ActiveCfg = Debug|Any CPU
		{5011F965-01F6-498F-B440-9B4F2B8C72C9}.Debug|Any CPU.Build.0 = Debug|Any CPU
		{5011F965-01F6-498F-B440-9B4F2B8C72C9}.Release|Any CPU.ActiveCfg = Release|Any CPU
		{5011F965-01F6-498F-B440-9B4F2B8C72C9}.Release|Any CPU.Build.0 = Release|Any CPU
		{F8B72B24-A286-4989-848C-6127ECAF2528}.Debug|Any CPU.ActiveCfg = Debug|Any CPU
		{F8B72B24-A286-4989-848C-6127ECAF2528}.Debug|Any CPU.Build.0 = Debug|Any CPU
		{F8B72B24-A286-4989-848C-6127ECAF2528}.Release|Any CPU.ActiveCfg = Release|Any CPU
		{F8B72B24-A286-4989-848C-6127ECAF2528}.Release|Any CPU.Build.0 = Release|Any CPU
	EndGlobalSection
	GlobalSection(SolutionProperties) = preSolution
		HideSolutionNode = FALSE
	EndGlobalSection
	GlobalSection(ExtensibilityGlobals) = postSolution
		SolutionGuid = {5A0ACB9C-1C3D-4851-B96F-27C61A60B457}
	EndGlobalSection
EndGlobal
